{
  "requires": true,
  "lockfileVersion": 1,
  "dependencies": {
    "@angular/animations": {
      "version": "5.1.0",
      "resolved": "https://registry.npmjs.org/@angular/animations/-/animations-5.1.0.tgz",
      "integrity": "sha512-s0tV6y2D16CQAcXjv8CN8AahHb+LoWm9KAUkxvSJ18ZZQweuAY4T8jlRB95ODRFFKfjwyRD9HqXKUC5yHmG9ww==",
      "requires": {
        "tslib": "1.8.0"
      }
    },
    "tslib": {
      "version": "1.8.0",
      "resolved": "https://registry.npmjs.org/tslib/-/tslib-1.8.0.tgz",
      "integrity": "sha512-ymKWWZJST0/CkgduC2qkzjMOWr4bouhuURNXCn/inEX0L57BnRG6FhX76o7FOnsjHazCjfU2LKeSrlS2sIKQJg=="
    }
  }
}
